
Microsoft Visual Studio Solution File, Format Version 12.00
# Visual Studio Version 17
VisualStudioVersion = 17.13.35913.81 d17.13
MinimumVisualStudioVersion = 10.0.40219.1
Project("{FAE04EC0-301F-11D3-BF4B-00C04F79EFBC}") = "MutipleStoreWebApp", "MutipleStoreWebApp\MutipleStoreWebApp.csproj", "{5DEB7BD4-2902-4CAF-AD52-1C1D8B488372}"
EndProject
Global
	GlobalSection(SolutionConfigurationPlatforms) = preSolution
		Debug|Any CPU = Debug|Any CPU
		Release|Any CPU = Release|Any CPU
	EndGlobalSection
	GlobalSection(ProjectConfigurationPlatforms) = postSolution
		{5DEB7BD4-2902-4CAF-AD52-1C1D8B488372}.Debug|Any CPU.ActiveCfg = Debug|Any CPU
		{5DEB7BD4-2902-4CAF-AD52-1C1D8B488372}.Debug|Any CPU.Build.0 = Debug|Any CPU
		{5DEB7BD4-2902-4CAF-AD52-1C1D8B488372}.Release|Any CPU.ActiveCfg = Release|Any CPU
		{5DEB7BD4-2902-4CAF-AD52-1C1D8B488372}.Release|Any CPU.Build.0 = Release|Any CPU
	EndGlobalSection
	GlobalSection(SolutionProperties) = preSolution
		HideSolutionNode = FALSE
	EndGlobalSection
	GlobalSection(ExtensibilityGlobals) = postSolution
		SolutionGuid = {D23A6FCD-3B00-4A0E-8CAF-E731E2BDD58C}
	EndGlobalSection
EndGlobal
